
Microsoft Visual Studio Solution File, Format Version 12.00
# Visual Studio Version 16
VisualStudioVersion = 16.0.33801.447
MinimumVisualStudioVersion = 10.0.40219.1
Project("{FAE04EC0-301F-11D3-BF4B-00C04F79EFBC}") = "Day3_3", "Day3_3\Day3_3.csproj", "{F13DEDDC-BD61-4EF6-925E-AB284C89B7D9}"
EndProject
Global
	GlobalSection(SolutionConfigurationPlatforms) = preSolution
		Debug|Any CPU = Debug|Any CPU
		Release|Any CPU = Release|Any CPU
	EndGlobalSection
	GlobalSection(ProjectConfigurationPlatforms) = postSolution
		{F13DEDDC-BD61-4EF6-925E-AB284C89B7D9}.Debug|Any CPU.ActiveCfg = Debug|Any CPU
		{F13DEDDC-BD61-4EF6-925E-AB284C89B7D9}.Debug|Any CPU.Build.0 = Debug|Any CPU
		{F13DEDDC-BD61-4EF6-925E-AB284C89B7D9}.Release|Any CPU.ActiveCfg = Release|Any CPU
		{F13DEDDC-BD61-4EF6-925E-AB284C89B7D9}.Release|Any CPU.Build.0 = Release|Any CPU
	EndGlobalSection
	GlobalSection(SolutionProperties) = preSolution
		HideSolutionNode = FALSE
	EndGlobalSection
	GlobalSection(ExtensibilityGlobals) = postSolution
		SolutionGuid = {C17337E4-F22D-4371-AE7E-C65268D0971C}
	EndGlobalSection
EndGlobal
