
Microsoft Visual Studio Solution File, Format Version 12.00
# Visual Studio Version 16
VisualStudioVersion = 16.0.33801.447
MinimumVisualStudioVersion = 10.0.40219.1
Project("{FAE04EC0-301F-11D3-BF4B-00C04F79EFBC}") = "Q3_net_test", "Q3_net_test\Q3_net_test.csproj", "{D66D6AC5-FAD8-4054-BC60-E624AD112118}"
EndProject
Global
	GlobalSection(SolutionConfigurationPlatforms) = preSolution
		Debug|Any CPU = Debug|Any CPU
		Release|Any CPU = Release|Any CPU
	EndGlobalSection
	GlobalSection(ProjectConfigurationPlatforms) = postSolution
		{D66D6AC5-FAD8-4054-BC60-E624AD112118}.Debug|Any CPU.ActiveCfg = Debug|Any CPU
		{D66D6AC5-FAD8-4054-BC60-E624AD112118}.Debug|Any CPU.Build.0 = Debug|Any CPU
		{D66D6AC5-FAD8-4054-BC60-E624AD112118}.Release|Any CPU.ActiveCfg = Release|Any CPU
		{D66D6AC5-FAD8-4054-BC60-E624AD112118}.Release|Any CPU.Build.0 = Release|Any CPU
	EndGlobalSection
	GlobalSection(SolutionProperties) = preSolution
		HideSolutionNode = FALSE
	EndGlobalSection
	GlobalSection(ExtensibilityGlobals) = postSolution
		SolutionGuid = {E0056F29-EBA1-4149-972B-A714E519E951}
	EndGlobalSection
EndGlobal
